
Microsoft Visual Studio Solution File, Format Version 12.00
# Visual Studio 14
VisualStudioVersion = 14.0.24720.0
MinimumVisualStudioVersion = 10.0.40219.1
Project("{FAE04EC0-301F-11D3-BF4B-00C04F79EFBC}") = "BaseServicios", "BaseServicios\BaseServicios.csproj", "{04230217-0695-46F1-A6C2-8464F11CBE93}"
EndProject
Project("{FAE04EC0-301F-11D3-BF4B-00C04F79EFBC}") = "ServidorApiBiblioteca", "ServidorApiBiblioteca\ServidorApiBiblioteca.csproj", "{290D661A-B32D-4D97-BB5A-C3CAC15775DC}"
EndProject
Global
	GlobalSection(SolutionConfigurationPlatforms) = preSolution
		Debug|Any CPU = Debug|Any CPU
		Release|Any CPU = Release|Any CPU
	EndGlobalSection
	GlobalSection(ProjectConfigurationPlatforms) = postSolution
		{04230217-0695-46F1-A6C2-8464F11CBE93}.Debug|Any CPU.ActiveCfg = Debug|Any CPU
		{04230217-0695-46F1-A6C2-8464F11CBE93}.Debug|Any CPU.Build.0 = Debug|Any CPU
		{04230217-0695-46F1-A6C2-8464F11CBE93}.Release|Any CPU.ActiveCfg = Release|Any CPU
		{04230217-0695-46F1-A6C2-8464F11CBE93}.Release|Any CPU.Build.0 = Release|Any CPU
		{290D661A-B32D-4D97-BB5A-C3CAC15775DC}.Debug|Any CPU.ActiveCfg = Debug|Any CPU
		{290D661A-B32D-4D97-BB5A-C3CAC15775DC}.Debug|Any CPU.Build.0 = Debug|Any CPU
		{290D661A-B32D-4D97-BB5A-C3CAC15775DC}.Release|Any CPU.ActiveCfg = Release|Any CPU
		{290D661A-B32D-4D97-BB5A-C3CAC15775DC}.Release|Any CPU.Build.0 = Release|Any CPU
	EndGlobalSection
	GlobalSection(SolutionProperties) = preSolution
		HideSolutionNode = FALSE
	EndGlobalSection
EndGlobal
